// !$*UTF8*$!
{
	archiveVersion = 1;
	classes = {
	};
	objectVersion = 50;
	objects = {

/* Begin PBXBuildFile section */
		CADEE5F823C96E96004663B9 /* libwasm3lib.a in Frameworks */ = {isa = PBXBuildFile; fileRef = CADEE5F723C96E96004663B9 /* libwasm3lib.a */; };
		CADEE60D23C97F13004663B9 /* m3_api_env.c in Sources */ = {isa = PBXBuildFile; fileRef = CADEE60C23C97F13004663B9 /* m3_api_env.c */; };
		CADEE61023CC0EDC004663B9 /* emscripten_fetch.mm in Sources */ = {isa = PBXBuildFile; fileRef = CADEE60F23CC0EDC004663B9 /* emscripten_fetch.mm */; };
		E6054A8123C737F5006F3FE1 /* Metal.framework in Frameworks */ = {isa = PBXBuildFile; fileRef = E6054A8023C737F5006F3FE1 /* Metal.framework */; };
		E6054A8523C73848006F3FE1 /* libbgfxRelease.a in Frameworks */ = {isa = PBXBuildFile; fileRef = E6054A8223C73848006F3FE1 /* libbgfxRelease.a */; };
		E6054A8623C73848006F3FE1 /* libbxRelease.a in Frameworks */ = {isa = PBXBuildFile; fileRef = E6054A8323C73848006F3FE1 /* libbxRelease.a */; };
		E6054A8723C73848006F3FE1 /* libbimgRelease.a in Frameworks */ = {isa = PBXBuildFile; fileRef = E6054A8423C73848006F3FE1 /* libbimgRelease.a */; };
		E6054A8E23C857D5006F3FE1 /* m3_api_bgfx_gen.c in Sources */ = {isa = PBXBuildFile; fileRef = E6054A8D23C857D4006F3FE1 /* m3_api_bgfx_gen.c */; };
		E6CC489323C88D35002BBDB9 /* m3_api_bgfx.c in Sources */ = {isa = PBXBuildFile; fileRef = E6CC489123C88D35002BBDB9 /* m3_api_bgfx.c */; };
		F4F4C0CD23C48DDA0098C4DA /* AppDelegate.m in Sources */ = {isa = PBXBuildFile; fileRef = F4F4C0CC23C48DDA0098C4DA /* AppDelegate.m */; };
		F4F4C0D023C48DDA0098C4DA /* ViewController.mm in Sources */ = {isa = PBXBuildFile; fileRef = F4F4C0CF23C48DDA0098C4DA /* ViewController.mm */; };
		F4F4C0D323C48DDA0098C4DA /* Main.storyboard in Resources */ = {isa = PBXBuildFile; fileRef = F4F4C0D123C48DDA0098C4DA /* Main.storyboard */; };
		F4F4C0D523C48DDB0098C4DA /* Assets.xcassets in Resources */ = {isa = PBXBuildFile; fileRef = F4F4C0D423C48DDB0098C4DA /* Assets.xcassets */; };
		F4F4C0D823C48DDB0098C4DA /* LaunchScreen.storyboard in Resources */ = {isa = PBXBuildFile; fileRef = F4F4C0D623C48DDB0098C4DA /* LaunchScreen.storyboard */; };
		F4F4C0DB23C48DDB0098C4DA /* main.m in Sources */ = {isa = PBXBuildFile; fileRef = F4F4C0DA23C48DDB0098C4DA /* main.m */; };
/* End PBXBuildFile section */

/* Begin PBXFileReference section */
		CADEE5F723C96E96004663B9 /* libwasm3lib.a */ = {isa = PBXFileReference; lastKnownFileType = archive.ar; name = libwasm3lib.a; path = "../wasm3/build/Debug-iphoneos/libwasm3lib.a"; sourceTree = "<group>"; };
		CADEE60B23C97F13004663B9 /* m3_api_env.h */ = {isa = PBXFileReference; lastKnownFileType = sourcecode.c.h; name = m3_api_env.h; path = source/m3_api_env.h; sourceTree = SOURCE_ROOT; };
		CADEE60C23C97F13004663B9 /* m3_api_env.c */ = {isa = PBXFileReference; lastKnownFileType = sourcecode.c.c; name = m3_api_env.c; path = source/m3_api_env.c; sourceTree = SOURCE_ROOT; };
		CADEE60E23CC0EDC004663B9 /* emscripten_fetch.h */ = {isa = PBXFileReference; lastKnownFileType = sourcecode.c.h; name = emscripten_fetch.h; path = source/emscripten_fetch.h; sourceTree = SOURCE_ROOT; };
		CADEE60F23CC0EDC004663B9 /* emscripten_fetch.mm */ = {isa = PBXFileReference; lastKnownFileType = sourcecode.cpp.objcpp; name = emscripten_fetch.mm; path = source/emscripten_fetch.mm; sourceTree = SOURCE_ROOT; };
		E6054A8023C737F5006F3FE1 /* Metal.framework */ = {isa = PBXFileReference; lastKnownFileType = wrapper.framework; name = Metal.framework; path = System/Library/Frameworks/Metal.framework; sourceTree = SDKROOT; };
		E6054A8223C73848006F3FE1 /* libbgfxRelease.a */ = {isa = PBXFileReference; lastKnownFileType = archive.ar; name = libbgfxRelease.a; path = "../bgfx/.build/ios-arm64/bin/libbgfxRelease.a"; sourceTree = "<group>"; };
		E6054A8323C73848006F3FE1 /* libbxRelease.a */ = {isa = PBXFileReference; lastKnownFileType = archive.ar; name = libbxRelease.a; path = "../bgfx/.build/ios-arm64/bin/libbxRelease.a"; sourceTree = "<group>"; };
		E6054A8423C73848006F3FE1 /* libbimgRelease.a */ = {isa = PBXFileReference; lastKnownFileType = archive.ar; name = libbimgRelease.a; path = "../bgfx/.build/ios-arm64/bin/libbimgRelease.a"; sourceTree = "<group>"; };
		E6054A8D23C857D4006F3FE1 /* m3_api_bgfx_gen.c */ = {isa = PBXFileReference; fileEncoding = 4; lastKnownFileType = sourcecode.c.c; name = m3_api_bgfx_gen.c; path = source/m3_api_bgfx_gen.c; sourceTree = SOURCE_ROOT; };
		E6CC489123C88D35002BBDB9 /* m3_api_bgfx.c */ = {isa = PBXFileReference; fileEncoding = 4; lastKnownFileType = sourcecode.c.c; name = m3_api_bgfx.c; path = source/m3_api_bgfx.c; sourceTree = SOURCE_ROOT; };
		E6CC489223C88D35002BBDB9 /* m3_api_bgfx.h */ = {isa = PBXFileReference; fileEncoding = 4; lastKnownFileType = sourcecode.c.h; name = m3_api_bgfx.h; path = source/m3_api_bgfx.h; sourceTree = SOURCE_ROOT; };
		F4F4C0C823C48DDA0098C4DA /* wams3test.app */ = {isa = PBXFileReference; explicitFileType = wrapper.application; includeInIndex = 0; path = wams3test.app; sourceTree = BUILT_PRODUCTS_DIR; };
		F4F4C0CB23C48DDA0098C4DA /* AppDelegate.h */ = {isa = PBXFileReference; lastKnownFileType = sourcecode.c.h; path = AppDelegate.h; sourceTree = "<group>"; };
		F4F4C0CC23C48DDA0098C4DA /* AppDelegate.m */ = {isa = PBXFileReference; lastKnownFileType = sourcecode.c.objc; path = AppDelegate.m; sourceTree = "<group>"; };
		F4F4C0CE23C48DDA0098C4DA /* ViewController.h */ = {isa = PBXFileReference; lastKnownFileType = sourcecode.c.h; path = ViewController.h; sourceTree = "<group>"; };
		F4F4C0CF23C48DDA0098C4DA /* ViewController.mm */ = {isa = PBXFileReference; lastKnownFileType = sourcecode.cpp.objcpp; path = ViewController.mm; sourceTree = "<group>"; };
		F4F4C0D223C48DDA0098C4DA /* Base */ = {isa = PBXFileReference; lastKnownFileType = file.storyboard; name = Base; path = Base.lproj/Main.storyboard; sourceTree = "<group>"; };
		F4F4C0D423C48DDB0098C4DA /* Assets.xcassets */ = {isa = PBXFileReference; lastKnownFileType = folder.assetcatalog; path = Assets.xcassets; sourceTree = "<group>"; };
		F4F4C0D723C48DDB0098C4DA /* Base */ = {isa = PBXFileReference; lastKnownFileType = file.storyboard; name = Base; path = Base.lproj/LaunchScreen.storyboard; sourceTree = "<group>"; };
		F4F4C0D923C48DDB0098C4DA /* Info.plist */ = {isa = PBXFileReference; lastKnownFileType = text.plist.xml; path = Info.plist; sourceTree = "<group>"; };
		F4F4C0DA23C48DDB0098C4DA /* main.m */ = {isa = PBXFileReference; lastKnownFileType = sourcecode.c.objc; path = main.m; sourceTree = "<group>"; };
		F4F4C0E423C48DDB0098C4DA /* wams3testTests.m */ = {isa = PBXFileReference; lastKnownFileType = sourcecode.c.objc; path = wams3testTests.m; sourceTree = "<group>"; };
		F4F4C0E623C48DDB0098C4DA /* Info.plist */ = {isa = PBXFileReference; lastKnownFileType = text.plist.xml; path = Info.plist; sourceTree = "<group>"; };
		F4F4C0EF23C48DDB0098C4DA /* wams3testUITests.m */ = {isa = PBXFileReference; lastKnownFileType = sourcecode.c.objc; path = wams3testUITests.m; sourceTree = "<group>"; };
		F4F4C0F123C48DDB0098C4DA /* Info.plist */ = {isa = PBXFileReference; lastKnownFileType = text.plist.xml; path = Info.plist; sourceTree = "<group>"; };
/* End PBXFileReference section */

/* Begin PBXFrameworksBuildPhase section */
		F4F4C0C523C48DDA0098C4DA /* Frameworks */ = {
			isa = PBXFrameworksBuildPhase;
			buildActionMask = 2147483647;
			files = (
				CADEE5F823C96E96004663B9 /* libwasm3lib.a in Frameworks */,
				E6054A8523C73848006F3FE1 /* libbgfxRelease.a in Frameworks */,
				E6054A8623C73848006F3FE1 /* libbxRelease.a in Frameworks */,
				E6054A8723C73848006F3FE1 /* libbimgRelease.a in Frameworks */,
				E6054A8123C737F5006F3FE1 /* Metal.framework in Frameworks */,
			);
			runOnlyForDeploymentPostprocessing = 0;
		};
/* End PBXFrameworksBuildPhase section */

/* Begin PBXGroup section */
		E6054A7F23C737F5006F3FE1 /* Frameworks */ = {
			isa = PBXGroup;
			children = (
				CADEE5F723C96E96004663B9 /* libwasm3lib.a */,
				E6054A8223C73848006F3FE1 /* libbgfxRelease.a */,
				E6054A8423C73848006F3FE1 /* libbimgRelease.a */,
				E6054A8323C73848006F3FE1 /* libbxRelease.a */,
				E6054A8023C737F5006F3FE1 /* Metal.framework */,
			);
			name = Frameworks;
			sourceTree = "<group>";
		};
		E6FC6F6A23C58E41003255FA /* data */ = {
			isa = PBXGroup;
			children = (
			);
			path = data;
			sourceTree = "<group>";
		};
		F4F4C0BF23C48DDA0098C4DA = {
			isa = PBXGroup;
			children = (
				E6FC6F6A23C58E41003255FA /* data */,
				F4F4C0FF23C490260098C4DA /* wasm3 */,
				F4F4C0CA23C48DDA0098C4DA /* wams3test */,
				F4F4C0E323C48DDB0098C4DA /* wams3testTests */,
				F4F4C0EE23C48DDB0098C4DA /* wams3testUITests */,
				F4F4C0C923C48DDA0098C4DA /* Products */,
				E6054A7F23C737F5006F3FE1 /* Frameworks */,
			);
			sourceTree = "<group>";
		};
		F4F4C0C923C48DDA0098C4DA /* Products */ = {
			isa = PBXGroup;
			children = (
				F4F4C0C823C48DDA0098C4DA /* wams3test.app */,
			);
			name = Products;
			sourceTree = "<group>";
		};
		F4F4C0CA23C48DDA0098C4DA /* wams3test */ = {
			isa = PBXGroup;
			children = (
				F4F4C0CB23C48DDA0098C4DA /* AppDelegate.h */,
				F4F4C0CC23C48DDA0098C4DA /* AppDelegate.m */,
				F4F4C0CE23C48DDA0098C4DA /* ViewController.h */,
				F4F4C0CF23C48DDA0098C4DA /* ViewController.mm */,
				F4F4C0D123C48DDA0098C4DA /* Main.storyboard */,
				F4F4C0D423C48DDB0098C4DA /* Assets.xcassets */,
				F4F4C0D623C48DDB0098C4DA /* LaunchScreen.storyboard */,
				F4F4C0D923C48DDB0098C4DA /* Info.plist */,
				F4F4C0DA23C48DDB0098C4DA /* main.m */,
			);
			path = wams3test;
			sourceTree = "<group>";
		};
		F4F4C0E323C48DDB0098C4DA /* wams3testTests */ = {
			isa = PBXGroup;
			children = (
				F4F4C0E423C48DDB0098C4DA /* wams3testTests.m */,
				F4F4C0E623C48DDB0098C4DA /* Info.plist */,
			);
			path = wams3testTests;
			sourceTree = "<group>";
		};
		F4F4C0EE23C48DDB0098C4DA /* wams3testUITests */ = {
			isa = PBXGroup;
			children = (
				F4F4C0EF23C48DDB0098C4DA /* wams3testUITests.m */,
				F4F4C0F123C48DDB0098C4DA /* Info.plist */,
			);
			path = wams3testUITests;
			sourceTree = "<group>";
		};
		F4F4C0FF23C490260098C4DA /* wasm3 */ = {
			isa = PBXGroup;
			children = (
				E6CC489123C88D35002BBDB9 /* m3_api_bgfx.c */,
				E6CC489223C88D35002BBDB9 /* m3_api_bgfx.h */,
				E6054A8D23C857D4006F3FE1 /* m3_api_bgfx_gen.c */,
				CADEE60B23C97F13004663B9 /* m3_api_env.h */,
				CADEE60C23C97F13004663B9 /* m3_api_env.c */,
				CADEE60E23CC0EDC004663B9 /* emscripten_fetch.h */,
				CADEE60F23CC0EDC004663B9 /* emscripten_fetch.mm */,
			);
			path = wasm3;
			sourceTree = "<group>";
		};
/* End PBXGroup section */

/* Begin PBXNativeTarget section */
		F4F4C0C723C48DDA0098C4DA /* wams3test */ = {
			isa = PBXNativeTarget;
			buildConfigurationList = F4F4C0F423C48DDB0098C4DA /* Build configuration list for PBXNativeTarget "wams3test" */;
			buildPhases = (
				F4F4C0C423C48DDA0098C4DA /* Sources */,
				F4F4C0C523C48DDA0098C4DA /* Frameworks */,
				F4F4C0C623C48DDA0098C4DA /* Resources */,
			);
			buildRules = (
			);
			dependencies = (
			);
			name = wams3test;
			productName = wams3test;
			productReference = F4F4C0C823C48DDA0098C4DA /* wams3test.app */;
			productType = "com.apple.product-type.application";
		};
/* End PBXNativeTarget section */

/* Begin PBXProject section */
		F4F4C0C023C48DDA0098C4DA /* Project object */ = {
			isa = PBXProject;
			attributes = {
				LastUpgradeCheck = 1030;
				ORGANIZATIONNAME = zorro;
				TargetAttributes = {
					F4F4C0C723C48DDA0098C4DA = {
						CreatedOnToolsVersion = 10.3;
					};
				};
			};
			buildConfigurationList = F4F4C0C323C48DDA0098C4DA /* Build configuration list for PBXProject "wams3test" */;
			compatibilityVersion = "Xcode 9.3";
			developmentRegion = en;
			hasScannedForEncodings = 0;
			knownRegions = (
				en,
				Base,
			);
			mainGroup = F4F4C0BF23C48DDA0098C4DA;
			productRefGroup = F4F4C0C923C48DDA0098C4DA /* Products */;
			projectDirPath = "";
			projectRoot = "";
			targets = (
				F4F4C0C723C48DDA0098C4DA /* wams3test */,
			);
		};
/* End PBXProject section */

/* Begin PBXResourcesBuildPhase section */
		F4F4C0C623C48DDA0098C4DA /* Resources */ = {
			isa = PBXResourcesBuildPhase;
			buildActionMask = 2147483647;
			files = (
				F4F4C0D823C48DDB0098C4DA /* LaunchScreen.storyboard in Resources */,
				F4F4C0D523C48DDB0098C4DA /* Assets.xcassets in Resources */,
				F4F4C0D323C48DDA0098C4DA /* Main.storyboard in Resources */,
			);
			runOnlyForDeploymentPostprocessing = 0;
		};
/* End PBXResourcesBuildPhase section */

/* Begin PBXSourcesBuildPhase section */
		F4F4C0C423C48DDA0098C4DA /* Sources */ = {
			isa = PBXSourcesBuildPhase;
			buildActionMask = 2147483647;
			files = (
				CADEE60D23C97F13004663B9 /* m3_api_env.c in Sources */,
				E6054A8E23C857D5006F3FE1 /* m3_api_bgfx_gen.c in Sources */,
				F4F4C0D023C48DDA0098C4DA /* ViewController.mm in Sources */,
				F4F4C0DB23C48DDB0098C4DA /* main.m in Sources */,
				E6CC489323C88D35002BBDB9 /* m3_api_bgfx.c in Sources */,
				CADEE61023CC0EDC004663B9 /* emscripten_fetch.mm in Sources */,
				F4F4C0CD23C48DDA0098C4DA /* AppDelegate.m in Sources */,
			);
			runOnlyForDeploymentPostprocessing = 0;
		};
/* End PBXSourcesBuildPhase section */

/* Begin PBXVariantGroup section */
		F4F4C0D123C48DDA0098C4DA /* Main.storyboard */ = {
			isa = PBXVariantGroup;
			children = (
				F4F4C0D223C48DDA0098C4DA /* Base */,
			);
			name = Main.storyboard;
			sourceTree = "<group>";
		};
		F4F4C0D623C48DDB0098C4DA /* LaunchScreen.storyboard */ = {
			isa = PBXVariantGroup;
			children = (
				F4F4C0D723C48DDB0098C4DA /* Base */,
			);
			name = LaunchScreen.storyboard;
			sourceTree = "<group>";
		};
/* End PBXVariantGroup section */

/* Begin XCBuildConfiguration section */
		F4F4C0F223C48DDB0098C4DA /* Debug */ = {
			isa = XCBuildConfiguration;
			buildSettings = {
				ALWAYS_SEARCH_USER_PATHS = NO;
				CLANG_ANALYZER_NONNULL = YES;
				CLANG_ANALYZER_NUMBER_OBJECT_CONVERSION = YES_AGGRESSIVE;
				CLANG_CXX_LANGUAGE_STANDARD = "gnu++14";
				CLANG_CXX_LIBRARY = "libc++";
				CLANG_ENABLE_MODULES = YES;
				CLANG_ENABLE_OBJC_ARC = YES;
				CLANG_ENABLE_OBJC_WEAK = YES;
				CLANG_WARN_BLOCK_CAPTURE_AUTORELEASING = YES;
				CLANG_WARN_BOOL_CONVERSION = YES;
				CLANG_WARN_COMMA = YES;
				CLANG_WARN_CONSTANT_CONVERSION = YES;
				CLANG_WARN_DEPRECATED_OBJC_IMPLEMENTATIONS = YES;
				CLANG_WARN_DIRECT_OBJC_ISA_USAGE = YES_ERROR;
				CLANG_WARN_DOCUMENTATION_COMMENTS = YES;
				CLANG_WARN_EMPTY_BODY = YES;
				CLANG_WARN_ENUM_CONVERSION = YES;
				CLANG_WARN_INFINITE_RECURSION = YES;
				CLANG_WARN_INT_CONVERSION = YES;
				CLANG_WARN_NON_LITERAL_NULL_CONVERSION = YES;
				CLANG_WARN_OBJC_IMPLICIT_RETAIN_SELF = YES;
				CLANG_WARN_OBJC_LITERAL_CONVERSION = YES;
				CLANG_WARN_OBJC_ROOT_CLASS = YES_ERROR;
				CLANG_WARN_RANGE_LOOP_ANALYSIS = YES;
				CLANG_WARN_STRICT_PROTOTYPES = YES;
				CLANG_WARN_SUSPICIOUS_MOVE = YES;
				CLANG_WARN_UNGUARDED_AVAILABILITY = YES_AGGRESSIVE;
				CLANG_WARN_UNREACHABLE_CODE = YES;
				CLANG_WARN__DUPLICATE_METHOD_MATCH = YES;
				CODE_SIGN_IDENTITY = "iPhone Developer";
				COPY_PHASE_STRIP = NO;
				DEBUG_INFORMATION_FORMAT = dwarf;
				ENABLE_STRICT_OBJC_MSGSEND = YES;
				ENABLE_TESTABILITY = YES;
				GCC_C_LANGUAGE_STANDARD = gnu11;
				GCC_DYNAMIC_NO_PIC = NO;
				GCC_NO_COMMON_BLOCKS = YES;
				GCC_OPTIMIZATION_LEVEL = 0;
				GCC_PREPROCESSOR_DEFINITIONS = (
					"DEBUG=1",
					"$(inherited)",
				);
				GCC_WARN_64_TO_32_BIT_CONVERSION = YES;
				GCC_WARN_ABOUT_RETURN_TYPE = YES_ERROR;
				GCC_WARN_UNDECLARED_SELECTOR = YES;
				GCC_WARN_UNINITIALIZED_AUTOS = YES_AGGRESSIVE;
				GCC_WARN_UNUSED_FUNCTION = YES;
				GCC_WARN_UNUSED_VARIABLE = YES;
				HEADER_SEARCH_PATHS = (
					../bgfx/include,
					../bx/include,
				);
				IPHONEOS_DEPLOYMENT_TARGET = 12.4;
				LIBRARY_SEARCH_PATHS = "../bgfx/.build/ios-arm64/bin";
				MTL_ENABLE_DEBUG_INFO = INCLUDE_SOURCE;
				MTL_FAST_MATH = YES;
				ONLY_ACTIVE_ARCH = YES;
				SDKROOT = iphoneos;
			};
			name = Debug;
		};
		F4F4C0F323C48DDB0098C4DA /* Release */ = {
			isa = XCBuildConfiguration;
			buildSettings = {
				ALWAYS_SEARCH_USER_PATHS = NO;
				CLANG_ANALYZER_NONNULL = YES;
				CLANG_ANALYZER_NUMBER_OBJECT_CONVERSION = YES_AGGRESSIVE;
				CLANG_CXX_LANGUAGE_STANDARD = "gnu++14";
				CLANG_CXX_LIBRARY = "libc++";
				CLANG_ENABLE_MODULES = YES;
				CLANG_ENABLE_OBJC_ARC = YES;
				CLANG_ENABLE_OBJC_WEAK = YES;
				CLANG_WARN_BLOCK_CAPTURE_AUTORELEASING = YES;
				CLANG_WARN_BOOL_CONVERSION = YES;
				CLANG_WARN_COMMA = YES;
				CLANG_WARN_CONSTANT_CONVERSION = YES;
				CLANG_WARN_DEPRECATED_OBJC_IMPLEMENTATIONS = YES;
				CLANG_WARN_DIRECT_OBJC_ISA_USAGE = YES_ERROR;
				CLANG_WARN_DOCUMENTATION_COMMENTS = YES;
				CLANG_WARN_EMPTY_BODY = YES;
				CLANG_WARN_ENUM_CONVERSION = YES;
				CLANG_WARN_INFINITE_RECURSION = YES;
				CLANG_WARN_INT_CONVERSION = YES;
				CLANG_WARN_NON_LITERAL_NULL_CONVERSION = YES;
				CLANG_WARN_OBJC_IMPLICIT_RETAIN_SELF = YES;
				CLANG_WARN_OBJC_LITERAL_CONVERSION = YES;
				CLANG_WARN_OBJC_ROOT_CLASS = YES_ERROR;
				CLANG_WARN_RANGE_LOOP_ANALYSIS = YES;
				CLANG_WARN_STRICT_PROTOTYPES = YES;
				CLANG_WARN_SUSPICIOUS_MOVE = YES;
				CLANG_WARN_UNGUARDED_AVAILABILITY = YES_AGGRESSIVE;
				CLANG_WARN_UNREACHABLE_CODE = YES;
				CLANG_WARN__DUPLICATE_METHOD_MATCH = YES;
				CODE_SIGN_IDENTITY = "iPhone Developer";
				COPY_PHASE_STRIP = NO;
				DEBUG_INFORMATION_FORMAT = "dwarf-with-dsym";
				ENABLE_NS_ASSERTIONS = NO;
				ENABLE_STRICT_OBJC_MSGSEND = YES;
				GCC_C_LANGUAGE_STANDARD = gnu11;
				GCC_NO_COMMON_BLOCKS = YES;
				GCC_WARN_64_TO_32_BIT_CONVERSION = YES;
				GCC_WARN_ABOUT_RETURN_TYPE = YES_ERROR;
				GCC_WARN_UNDECLARED_SELECTOR = YES;
				GCC_WARN_UNINITIALIZED_AUTOS = YES_AGGRESSIVE;
				GCC_WARN_UNUSED_FUNCTION = YES;
				GCC_WARN_UNUSED_VARIABLE = YES;
				HEADER_SEARCH_PATHS = (
					../bgfx/include,
					../bx/include,
				);
				IPHONEOS_DEPLOYMENT_TARGET = 12.4;
				LIBRARY_SEARCH_PATHS = "../bgfx/.build/ios-arm64/bin";
				MTL_ENABLE_DEBUG_INFO = NO;
				MTL_FAST_MATH = YES;
				SDKROOT = iphoneos;
				VALIDATE_PRODUCT = YES;
			};
			name = Release;
		};
		F4F4C0F523C48DDB0098C4DA /* Debug */ = {
			isa = XCBuildConfiguration;
			buildSettings = {
				ASSETCATALOG_COMPILER_APPICON_NAME = AppIcon;
				CODE_SIGN_STYLE = Automatic;
				DEVELOPMENT_TEAM = HF2FYPC92D;
				GCC_INPUT_FILETYPE = automatic;
				HEADER_SEARCH_PATHS = (
					../bx/include,
					../wasm3/source,
					../bgfx/include,
				);
				INFOPLIST_FILE = wams3test/Info.plist;
				LD_RUNPATH_SEARCH_PATHS = (
					"$(inherited)",
					"@executable_path/Frameworks",
				);
				LIBRARY_SEARCH_PATHS = (
					"../bgfx/.build/ios-arm64/bin",
					"../wasm3/build/Debug-iphoneos",
				);
				OTHER_CFLAGS = "-Dd_m3HasWASI";
				PRODUCT_BUNDLE_IDENTIFIER = kgdev.wasm3;
				PRODUCT_NAME = "$(TARGET_NAME)";
				TARGETED_DEVICE_FAMILY = "1,2";
			};
			name = Debug;
		};
		F4F4C0F623C48DDB0098C4DA /* Release */ = {
			isa = XCBuildConfiguration;
			buildSettings = {
				ASSETCATALOG_COMPILER_APPICON_NAME = AppIcon;
				CODE_SIGN_STYLE = Automatic;
				DEVELOPMENT_TEAM = HF2FYPC92D;
				GCC_INPUT_FILETYPE = automatic;
				HEADER_SEARCH_PATHS = (
					../bx/include,
					../wasm3/source,
					../bgfx/include,
				);
				INFOPLIST_FILE = wams3test/Info.plist;
				LD_RUNPATH_SEARCH_PATHS = (
					"$(inherited)",
					"@executable_path/Frameworks",
				);
				LIBRARY_SEARCH_PATHS = (
					"../bgfx/.build/ios-arm64/bin",
					"../wasm3/build/Debug-iphoneos",
				);
				OTHER_CFLAGS = "-Dd_m3HasWASI";
				PRODUCT_BUNDLE_IDENTIFIER = kgdev.wasm3;
				PRODUCT_NAME = "$(TARGET_NAME)";
				TARGETED_DEVICE_FAMILY = "1,2";
			};
			name = Release;
		};
/* End XCBuildConfiguration section */

/* Begin XCConfigurationList section */
		F4F4C0C323C48DDA0098C4DA /* Build configuration list for PBXProject "wams3test" */ = {
			isa = XCConfigurationList;
			buildConfigurations = (
				F4F4C0F223C48DDB0098C4DA /* Debug */,
				F4F4C0F323C48DDB0098C4DA /* Release */,
			);
			defaultConfigurationIsVisible = 0;
			defaultConfigurationName = Release;
		};
		F4F4C0F423C48DDB0098C4DA /* Build configuration list for PBXNativeTarget "wams3test" */ = {
			isa = XCConfigurationList;
			buildConfigurations = (
				F4F4C0F523C48DDB0098C4DA /* Debug */,
				F4F4C0F623C48DDB0098C4DA /* Release */,
			);
			defaultConfigurationIsVisible = 0;
			defaultConfigurationName = Release;
		};
/* End XCConfigurationList section */
	};
	rootObject = F4F4C0C023C48DDA0098C4DA /* Project object */;
}
